
Microsoft Visual Studio Solution File, Format Version 12.00
# Visual Studio Version 16
VisualStudioVersion = 16.0.32228.343
MinimumVisualStudioVersion = 10.0.40219.1
Project("{888888A0-9F3D-457C-B088-3A5042F75D52}") = "vetor_complexo", "vetor_complexo\vetor_complexo.pyproj", "{C3EDB5B2-86F1-4C6C-A151-37D91DA61AA1}"
EndProject
Global
	GlobalSection(SolutionConfigurationPlatforms) = preSolution
		Debug|Any CPU = Debug|Any CPU
		Release|Any CPU = Release|Any CPU
	EndGlobalSection
	GlobalSection(ProjectConfigurationPlatforms) = postSolution
		{C3EDB5B2-86F1-4C6C-A151-37D91DA61AA1}.Debug|Any CPU.ActiveCfg = Debug|Any CPU
		{C3EDB5B2-86F1-4C6C-A151-37D91DA61AA1}.Release|Any CPU.ActiveCfg = Release|Any CPU
	EndGlobalSection
	GlobalSection(SolutionProperties) = preSolution
		HideSolutionNode = FALSE
	EndGlobalSection
	GlobalSection(ExtensibilityGlobals) = postSolution
		SolutionGuid = {B166BCD1-AE5D-485F-8871-F5EB2C737891}
	EndGlobalSection
EndGlobal
